
Microsoft Visual Studio Solution File, Format Version 12.00
# Visual Studio Version 17
VisualStudioVersion = 17.3.32901.215
MinimumVisualStudioVersion = 10.0.40219.1
Project("{FAE04EC0-301F-11D3-BF4B-00C04F79EFBC}") = "EX01", "EX01\EX01.csproj", "{6482BBC1-01A1-444F-939C-5015FF20AB1D}"
EndProject
Project("{FAE04EC0-301F-11D3-BF4B-00C04F79EFBC}") = "EX02", "EX02\EX02.csproj", "{49C4B9F6-A115-4B69-ABB3-45C030177DEF}"
EndProject
Project("{FAE04EC0-301F-11D3-BF4B-00C04F79EFBC}") = "EX03", "EX03\EX03.csproj", "{F2696BD3-EF97-4DFB-868B-F41BC6864DB8}"
EndProject
Project("{FAE04EC0-301F-11D3-BF4B-00C04F79EFBC}") = "EX04", "EX04\EX04.csproj", "{309C72BC-D040-4F24-B2D6-D25D2EFD9A1C}"
EndProject
Project("{FAE04EC0-301F-11D3-BF4B-00C04F79EFBC}") = "EX05", "EX05\EX05.csproj", "{694EE332-91CF-4A14-87D3-4C46216D809A}"
EndProject
Project("{FAE04EC0-301F-11D3-BF4B-00C04F79EFBC}") = "EX06", "EX06\EX06.csproj", "{07C5AFCA-B362-4A86-B344-28CC2D9EDBC6}"
EndProject
Global
	GlobalSection(SolutionConfigurationPlatforms) = preSolution
		Debug|Any CPU = Debug|Any CPU
		Release|Any CPU = Release|Any CPU
	EndGlobalSection
	GlobalSection(ProjectConfigurationPlatforms) = postSolution
		{6482BBC1-01A1-444F-939C-5015FF20AB1D}.Debug|Any CPU.ActiveCfg = Debug|Any CPU
		{6482BBC1-01A1-444F-939C-5015FF20AB1D}.Debug|Any CPU.Build.0 = Debug|Any CPU
		{6482BBC1-01A1-444F-939C-5015FF20AB1D}.Release|Any CPU.ActiveCfg = Release|Any CPU
		{6482BBC1-01A1-444F-939C-5015FF20AB1D}.Release|Any CPU.Build.0 = Release|Any CPU
		{49C4B9F6-A115-4B69-ABB3-45C030177DEF}.Debug|Any CPU.ActiveCfg = Debug|Any CPU
		{49C4B9F6-A115-4B69-ABB3-45C030177DEF}.Debug|Any CPU.Build.0 = Debug|Any CPU
		{49C4B9F6-A115-4B69-ABB3-45C030177DEF}.Release|Any CPU.ActiveCfg = Release|Any CPU
		{49C4B9F6-A115-4B69-ABB3-45C030177DEF}.Release|Any CPU.Build.0 = Release|Any CPU
		{F2696BD3-EF97-4DFB-868B-F41BC6864DB8}.Debug|Any CPU.ActiveCfg = Debug|Any CPU
		{F2696BD3-EF97-4DFB-868B-F41BC6864DB8}.Debug|Any CPU.Build.0 = Debug|Any CPU
		{F2696BD3-EF97-4DFB-868B-F41BC6864DB8}.Release|Any CPU.ActiveCfg = Release|Any CPU
		{F2696BD3-EF97-4DFB-868B-F41BC6864DB8}.Release|Any CPU.Build.0 = Release|Any CPU
		{309C72BC-D040-4F24-B2D6-D25D2EFD9A1C}.Debug|Any CPU.ActiveCfg = Debug|Any CPU
		{309C72BC-D040-4F24-B2D6-D25D2EFD9A1C}.Debug|Any CPU.Build.0 = Debug|Any CPU
		{309C72BC-D040-4F24-B2D6-D25D2EFD9A1C}.Release|Any CPU.ActiveCfg = Release|Any CPU
		{309C72BC-D040-4F24-B2D6-D25D2EFD9A1C}.Release|Any CPU.Build.0 = Release|Any CPU
		{694EE332-91CF-4A14-87D3-4C46216D809A}.Debug|Any CPU.ActiveCfg = Debug|Any CPU
		{694EE332-91CF-4A14-87D3-4C46216D809A}.Debug|Any CPU.Build.0 = Debug|Any CPU
		{694EE332-91CF-4A14-87D3-4C46216D809A}.Release|Any CPU.ActiveCfg = Release|Any CPU
		{694EE332-91CF-4A14-87D3-4C46216D809A}.Release|Any CPU.Build.0 = Release|Any CPU
		{07C5AFCA-B362-4A86-B344-28CC2D9EDBC6}.Debug|Any CPU.ActiveCfg = Debug|Any CPU
		{07C5AFCA-B362-4A86-B344-28CC2D9EDBC6}.Debug|Any CPU.Build.0 = Debug|Any CPU
		{07C5AFCA-B362-4A86-B344-28CC2D9EDBC6}.Release|Any CPU.ActiveCfg = Release|Any CPU
		{07C5AFCA-B362-4A86-B344-28CC2D9EDBC6}.Release|Any CPU.Build.0 = Release|Any CPU
	EndGlobalSection
	GlobalSection(SolutionProperties) = preSolution
		HideSolutionNode = FALSE
	EndGlobalSection
	GlobalSection(ExtensibilityGlobals) = postSolution
		SolutionGuid = {C7F2C46E-3059-4120-9D47-7D947EE32412}
	EndGlobalSection
EndGlobal
