
Microsoft Visual Studio Solution File, Format Version 12.00
# Visual Studio Version 17
VisualStudioVersion = 17.3.32901.215
MinimumVisualStudioVersion = 10.0.40219.1
Project("{FAE04EC0-301F-11D3-BF4B-00C04F79EFBC}") = "EX01_CycleRace", "EX01_CycleRace.csproj", "{978B19D8-0209-4C94-80C3-18D5B2A86E3A}"
EndProject
Global
	GlobalSection(SolutionConfigurationPlatforms) = preSolution
		Debug|Any CPU = Debug|Any CPU
		Release|Any CPU = Release|Any CPU
	EndGlobalSection
	GlobalSection(ProjectConfigurationPlatforms) = postSolution
		{978B19D8-0209-4C94-80C3-18D5B2A86E3A}.Debug|Any CPU.ActiveCfg = Debug|Any CPU
		{978B19D8-0209-4C94-80C3-18D5B2A86E3A}.Debug|Any CPU.Build.0 = Debug|Any CPU
		{978B19D8-0209-4C94-80C3-18D5B2A86E3A}.Release|Any CPU.ActiveCfg = Release|Any CPU
		{978B19D8-0209-4C94-80C3-18D5B2A86E3A}.Release|Any CPU.Build.0 = Release|Any CPU
	EndGlobalSection
	GlobalSection(SolutionProperties) = preSolution
		HideSolutionNode = FALSE
	EndGlobalSection
	GlobalSection(ExtensibilityGlobals) = postSolution
		SolutionGuid = {6FC2CD43-ACC7-4B36-96CC-891688CE0615}
	EndGlobalSection
EndGlobal
